
Microsoft Visual Studio Solution File, Format Version 12.00
# Visual Studio Version 17
VisualStudioVersion = 17.10.35004.147
MinimumVisualStudioVersion = 10.0.40219.1
Project("{FAE04EC0-301F-11D3-BF4B-00C04F79EFBC}") = "MVCFristApp.PL", "MVCFristApp.PL\MVCFristApp.PL.csproj", "{6F60088B-AFA9-4292-8987-644BFB1375EA}"
EndProject
Project("{FAE04EC0-301F-11D3-BF4B-00C04F79EFBC}") = "MVCFristApp.DAL", "MVCFristApp.DAL\MVCFristApp.DAL.csproj", "{8D1E383B-8A95-42F7-8C30-ED6E2E7DAB55}"
EndProject
Project("{FAE04EC0-301F-11D3-BF4B-00C04F79EFBC}") = "MVCFristApp.BLL", "MVCFristApp.BLL\MVCFristApp.BLL.csproj", "{18E59C6F-32E2-47EC-9EE1-22D95F996D66}"
EndProject
Global
	GlobalSection(SolutionConfigurationPlatforms) = preSolution
		Debug|Any CPU = Debug|Any CPU
		Release|Any CPU = Release|Any CPU
	EndGlobalSection
	GlobalSection(ProjectConfigurationPlatforms) = postSolution
		{6F60088B-AFA9-4292-8987-644BFB1375EA}.Debug|Any CPU.ActiveCfg = Debug|Any CPU
		{6F60088B-AFA9-4292-8987-644BFB1375EA}.Debug|Any CPU.Build.0 = Debug|Any CPU
		{6F60088B-AFA9-4292-8987-644BFB1375EA}.Release|Any CPU.ActiveCfg = Release|Any CPU
		{6F60088B-AFA9-4292-8987-644BFB1375EA}.Release|Any CPU.Build.0 = Release|Any CPU
		{8D1E383B-8A95-42F7-8C30-ED6E2E7DAB55}.Debug|Any CPU.ActiveCfg = Debug|Any CPU
		{8D1E383B-8A95-42F7-8C30-ED6E2E7DAB55}.Debug|Any CPU.Build.0 = Debug|Any CPU
		{8D1E383B-8A95-42F7-8C30-ED6E2E7DAB55}.Release|Any CPU.ActiveCfg = Release|Any CPU
		{8D1E383B-8A95-42F7-8C30-ED6E2E7DAB55}.Release|Any CPU.Build.0 = Release|Any CPU
		{18E59C6F-32E2-47EC-9EE1-22D95F996D66}.Debug|Any CPU.ActiveCfg = Debug|Any CPU
		{18E59C6F-32E2-47EC-9EE1-22D95F996D66}.Debug|Any CPU.Build.0 = Debug|Any CPU
		{18E59C6F-32E2-47EC-9EE1-22D95F996D66}.Release|Any CPU.ActiveCfg = Release|Any CPU
		{18E59C6F-32E2-47EC-9EE1-22D95F996D66}.Release|Any CPU.Build.0 = Release|Any CPU
	EndGlobalSection
	GlobalSection(SolutionProperties) = preSolution
		HideSolutionNode = FALSE
	EndGlobalSection
	GlobalSection(ExtensibilityGlobals) = postSolution
		SolutionGuid = {9913DC4A-2989-4B6D-9D5A-2E3C74AF32E2}
	EndGlobalSection
EndGlobal
